
Microsoft Visual Studio Solution File, Format Version 12.00
# Visual Studio 2012
Project("{FAE04EC0-301F-11D3-BF4B-00C04F79EFBC}") = "PluggableArchitecture.Host", "PluggableArchitecture.Host\PluggableArchitecture.Host.csproj", "{3DC30BF9-CECD-4A35-81F3-195B61B0FE94}"
EndProject
Project("{FAE04EC0-301F-11D3-BF4B-00C04F79EFBC}") = "PluggableArchitecture.Interface", "PluggableArchitecture.Interface\PluggableArchitecture.Interface.csproj", "{9696274A-9F3C-4394-B563-E6A85C3F733E}"
EndProject
Project("{FAE04EC0-301F-11D3-BF4B-00C04F79EFBC}") = "PluggableArchitecture.Plugin", "PluggableArchitecture.Plugin\PluggableArchitecture.Plugin.csproj", "{B8C77173-532D-47DF-B1C6-CADAC81C3F56}"
EndProject
Global
	GlobalSection(SolutionConfigurationPlatforms) = preSolution
		Debug|Any CPU = Debug|Any CPU
		Release|Any CPU = Release|Any CPU
	EndGlobalSection
	GlobalSection(ProjectConfigurationPlatforms) = postSolution
		{3DC30BF9-CECD-4A35-81F3-195B61B0FE94}.Debug|Any CPU.ActiveCfg = Debug|Any CPU
		{3DC30BF9-CECD-4A35-81F3-195B61B0FE94}.Debug|Any CPU.Build.0 = Debug|Any CPU
		{3DC30BF9-CECD-4A35-81F3-195B61B0FE94}.Release|Any CPU.ActiveCfg = Release|Any CPU
		{3DC30BF9-CECD-4A35-81F3-195B61B0FE94}.Release|Any CPU.Build.0 = Release|Any CPU
		{9696274A-9F3C-4394-B563-E6A85C3F733E}.Debug|Any CPU.ActiveCfg = Debug|Any CPU
		{9696274A-9F3C-4394-B563-E6A85C3F733E}.Debug|Any CPU.Build.0 = Debug|Any CPU
		{9696274A-9F3C-4394-B563-E6A85C3F733E}.Release|Any CPU.ActiveCfg = Release|Any CPU
		{9696274A-9F3C-4394-B563-E6A85C3F733E}.Release|Any CPU.Build.0 = Release|Any CPU
		{B8C77173-532D-47DF-B1C6-CADAC81C3F56}.Debug|Any CPU.ActiveCfg = Debug|Any CPU
		{B8C77173-532D-47DF-B1C6-CADAC81C3F56}.Debug|Any CPU.Build.0 = Debug|Any CPU
		{B8C77173-532D-47DF-B1C6-CADAC81C3F56}.Release|Any CPU.ActiveCfg = Release|Any CPU
		{B8C77173-532D-47DF-B1C6-CADAC81C3F56}.Release|Any CPU.Build.0 = Release|Any CPU
	EndGlobalSection
	GlobalSection(SolutionProperties) = preSolution
		HideSolutionNode = FALSE
	EndGlobalSection
EndGlobal
